
Microsoft Visual Studio Solution File, Format Version 12.00
# Visual Studio Version 17
VisualStudioVersion = 17.8.34330.188
MinimumVisualStudioVersion = 10.0.40219.1
Project("{FAE04EC0-301F-11D3-BF4B-00C04F79EFBC}") = "Tocly", "Tocly.csproj", "{22700B6A-0AEA-4DA4-BF80-CCE4AB6FE684}"
EndProject
Global
	GlobalSection(SolutionConfigurationPlatforms) = preSolution
		Debug|Any CPU = Debug|Any CPU
		Release|Any CPU = Release|Any CPU
	EndGlobalSection
	GlobalSection(ProjectConfigurationPlatforms) = postSolution
		{22700B6A-0AEA-4DA4-BF80-CCE4AB6FE684}.Debug|Any CPU.ActiveCfg = Debug|Any CPU
		{22700B6A-0AEA-4DA4-BF80-CCE4AB6FE684}.Debug|Any CPU.Build.0 = Debug|Any CPU
		{22700B6A-0AEA-4DA4-BF80-CCE4AB6FE684}.Release|Any CPU.ActiveCfg = Release|Any CPU
		{22700B6A-0AEA-4DA4-BF80-CCE4AB6FE684}.Release|Any CPU.Build.0 = Release|Any CPU
	EndGlobalSection
	GlobalSection(SolutionProperties) = preSolution
		HideSolutionNode = FALSE
	EndGlobalSection
	GlobalSection(ExtensibilityGlobals) = postSolution
		SolutionGuid = {6FA2BE98-A098-46F2-9893-675F279F6094}
	EndGlobalSection
EndGlobal
